// !$*UTF8*$!
{
	archiveVersion = 1;
	classes = {
	};
	objectVersion = 50;
	objects = {

/* Begin PBXBuildFile section */
		4E24CD7F22B8713D00B56A49 /* vistaMasa.swift in Sources */ = {isa = PBXBuildFile; fileRef = 4E24CD7E22B8713D00B56A49 /* vistaMasa.swift */; };
		4E24CD8122B874F200B56A49 /* vistaQuesos.swift in Sources */ = {isa = PBXBuildFile; fileRef = 4E24CD8022B874F200B56A49 /* vistaQuesos.swift */; };
		4E24CD8322B8782D00B56A49 /* vistaIngredientes.swift in Sources */ = {isa = PBXBuildFile; fileRef = 4E24CD8222B8782D00B56A49 /* vistaIngredientes.swift */; };
		4E9DD30C22B7EBB800CFC638 /* AppDelegate.swift in Sources */ = {isa = PBXBuildFile; fileRef = 4E9DD30B22B7EBB800CFC638 /* AppDelegate.swift */; };
		4E9DD30E22B7EBB800CFC638 /* vistaTamanio.swift in Sources */ = {isa = PBXBuildFile; fileRef = 4E9DD30D22B7EBB800CFC638 /* vistaTamanio.swift */; };
		4E9DD31122B7EBB800CFC638 /* Main.storyboard in Resources */ = {isa = PBXBuildFile; fileRef = 4E9DD30F22B7EBB800CFC638 /* Main.storyboard */; };
		4E9DD31322B7EBBC00CFC638 /* Assets.xcassets in Resources */ = {isa = PBXBuildFile; fileRef = 4E9DD31222B7EBBC00CFC638 /* Assets.xcassets */; };
		4E9DD31622B7EBBC00CFC638 /* LaunchScreen.storyboard in Resources */ = {isa = PBXBuildFile; fileRef = 4E9DD31422B7EBBC00CFC638 /* LaunchScreen.storyboard */; };
		4E9DD32122B7EBBC00CFC638 /* PizzasTests.swift in Sources */ = {isa = PBXBuildFile; fileRef = 4E9DD32022B7EBBC00CFC638 /* PizzasTests.swift */; };
		4E9DD32C22B7EBBC00CFC638 /* PizzasUITests.swift in Sources */ = {isa = PBXBuildFile; fileRef = 4E9DD32B22B7EBBC00CFC638 /* PizzasUITests.swift */; };
		4EF53A5C22B9507F00E8F427 /* vistaFinal.swift in Sources */ = {isa = PBXBuildFile; fileRef = 4EF53A5B22B9507F00E8F427 /* vistaFinal.swift */; };
/* End PBXBuildFile section */

/* Begin PBXContainerItemProxy section */
		4E9DD31D22B7EBBC00CFC638 /* PBXContainerItemProxy */ = {
			isa = PBXContainerItemProxy;
			containerPortal = 4E9DD30022B7EBB700CFC638 /* Project object */;
			proxyType = 1;
			remoteGlobalIDString = 4E9DD30722B7EBB700CFC638;
			remoteInfo = Pizzas;
		};
		4E9DD32822B7EBBC00CFC638 /* PBXContainerItemProxy */ = {
			isa = PBXContainerItemProxy;
			containerPortal = 4E9DD30022B7EBB700CFC638 /* Project object */;
			proxyType = 1;
			remoteGlobalIDString = 4E9DD30722B7EBB700CFC638;
			remoteInfo = Pizzas;
		};
/* End PBXContainerItemProxy section */

/* Begin PBXFileReference section */
		4E24CD7E22B8713D00B56A49 /* vistaMasa.swift */ = {isa = PBXFileReference; lastKnownFileType = sourcecode.swift; path = vistaMasa.swift; sourceTree = "<group>"; };
		4E24CD8022B874F200B56A49 /* vistaQuesos.swift */ = {isa = PBXFileReference; lastKnownFileType = sourcecode.swift; path = vistaQuesos.swift; sourceTree = "<group>"; };
		4E24CD8222B8782D00B56A49 /* vistaIngredientes.swift */ = {isa = PBXFileReference; lastKnownFileType = sourcecode.swift; path = vistaIngredientes.swift; sourceTree = "<group>"; };
		4E9DD30822B7EBB700CFC638 /* Pizzas.app */ = {isa = PBXFileReference; explicitFileType = wrapper.application; includeInIndex = 0; path = Pizzas.app; sourceTree = BUILT_PRODUCTS_DIR; };
		4E9DD30B22B7EBB800CFC638 /* AppDelegate.swift */ = {isa = PBXFileReference; lastKnownFileType = sourcecode.swift; path = AppDelegate.swift; sourceTree = "<group>"; };
		4E9DD30D22B7EBB800CFC638 /* vistaTamanio.swift */ = {isa = PBXFileReference; lastKnownFileType = sourcecode.swift; path = vistaTamanio.swift; sourceTree = "<group>"; };
		4E9DD31022B7EBB800CFC638 /* Base */ = {isa = PBXFileReference; lastKnownFileType = file.storyboard; name = Base; path = Base.lproj/Main.storyboard; sourceTree = "<group>"; };
		4E9DD31222B7EBBC00CFC638 /* Assets.xcassets */ = {isa = PBXFileReference; lastKnownFileType = folder.assetcatalog; path = Assets.xcassets; sourceTree = "<group>"; };
		4E9DD31522B7EBBC00CFC638 /* Base */ = {isa = PBXFileReference; lastKnownFileType = file.storyboard; name = Base; path = Base.lproj/LaunchScreen.storyboard; sourceTree = "<group>"; };
		4E9DD31722B7EBBC00CFC638 /* Info.plist */ = {isa = PBXFileReference; lastKnownFileType = text.plist.xml; path = Info.plist; sourceTree = "<group>"; };
		4E9DD31C22B7EBBC00CFC638 /* PizzasTests.xctest */ = {isa = PBXFileReference; explicitFileType = wrapper.cfbundle; includeInIndex = 0; path = PizzasTests.xctest; sourceTree = BUILT_PRODUCTS_DIR; };
		4E9DD32022B7EBBC00CFC638 /* PizzasTests.swift */ = {isa = PBXFileReference; lastKnownFileType = sourcecode.swift; path = PizzasTests.swift; sourceTree = "<group>"; };
		4E9DD32222B7EBBC00CFC638 /* Info.plist */ = {isa = PBXFileReference; lastKnownFileType = text.plist.xml; path = Info.plist; sourceTree = "<group>"; };
		4E9DD32722B7EBBC00CFC638 /* PizzasUITests.xctest */ = {isa = PBXFileReference; explicitFileType = wrapper.cfbundle; includeInIndex = 0; path = PizzasUITests.xctest; sourceTree = BUILT_PRODUCTS_DIR; };
		4E9DD32B22B7EBBC00CFC638 /* PizzasUITests.swift */ = {isa = PBXFileReference; lastKnownFileType = sourcecode.swift; path = PizzasUITests.swift; sourceTree = "<group>"; };
		4E9DD32D22B7EBBC00CFC638 /* Info.plist */ = {isa = PBXFileReference; lastKnownFileType = text.plist.xml; path = Info.plist; sourceTree = "<group>"; };
		4EF53A5B22B9507F00E8F427 /* vistaFinal.swift */ = {isa = PBXFileReference; lastKnownFileType = sourcecode.swift; path = vistaFinal.swift; sourceTree = "<group>"; };
/* End PBXFileReference section */

/* Begin PBXFrameworksBuildPhase section */
		4E9DD30522B7EBB700CFC638 /* Frameworks */ = {
			isa = PBXFrameworksBuildPhase;
			buildActionMask = 2147483647;
			files = (
			);
			runOnlyForDeploymentPostprocessing = 0;
		};
		4E9DD31922B7EBBC00CFC638 /* Frameworks */ = {
			isa = PBXFrameworksBuildPhase;
			buildActionMask = 2147483647;
			files = (
			);
			runOnlyForDeploymentPostprocessing = 0;
		};
		4E9DD32422B7EBBC00CFC638 /* Frameworks */ = {
			isa = PBXFrameworksBuildPhase;
			buildActionMask = 2147483647;
			files = (
			);
			runOnlyForDeploymentPostprocessing = 0;
		};
/* End PBXFrameworksBuildPhase section */

/* Begin PBXGroup section */
		4E9DD2FF22B7EBB700CFC638 = {
			isa = PBXGroup;
			children = (
				4E9DD30A22B7EBB700CFC638 /* Pizzas */,
				4E9DD31F22B7EBBC00CFC638 /* PizzasTests */,
				4E9DD32A22B7EBBC00CFC638 /* PizzasUITests */,
				4E9DD30922B7EBB700CFC638 /* Products */,
			);
			sourceTree = "<group>";
		};
		4E9DD30922B7EBB700CFC638 /* Products */ = {
			isa = PBXGroup;
			children = (
				4E9DD30822B7EBB700CFC638 /* Pizzas.app */,
				4E9DD31C22B7EBBC00CFC638 /* PizzasTests.xctest */,
				4E9DD32722B7EBBC00CFC638 /* PizzasUITests.xctest */,
			);
			name = Products;
			sourceTree = "<group>";
		};
		4E9DD30A22B7EBB700CFC638 /* Pizzas */ = {
			isa = PBXGroup;
			children = (
				4E9DD30B22B7EBB800CFC638 /* AppDelegate.swift */,
				4E9DD30D22B7EBB800CFC638 /* vistaTamanio.swift */,
				4E9DD30F22B7EBB800CFC638 /* Main.storyboard */,
				4E9DD31222B7EBBC00CFC638 /* Assets.xcassets */,
				4E9DD31422B7EBBC00CFC638 /* LaunchScreen.storyboard */,
				4E9DD31722B7EBBC00CFC638 /* Info.plist */,
				4E24CD7E22B8713D00B56A49 /* vistaMasa.swift */,
				4E24CD8022B874F200B56A49 /* vistaQuesos.swift */,
				4E24CD8222B8782D00B56A49 /* vistaIngredientes.swift */,
				4EF53A5B22B9507F00E8F427 /* vistaFinal.swift */,
			);
			path = Pizzas;
			sourceTree = "<group>";
		};
		4E9DD31F22B7EBBC00CFC638 /* PizzasTests */ = {
			isa = PBXGroup;
			children = (
				4E9DD32022B7EBBC00CFC638 /* PizzasTests.swift */,
				4E9DD32222B7EBBC00CFC638 /* Info.plist */,
			);
			path = PizzasTests;
			sourceTree = "<group>";
		};
		4E9DD32A22B7EBBC00CFC638 /* PizzasUITests */ = {
			isa = PBXGroup;
			children = (
				4E9DD32B22B7EBBC00CFC638 /* PizzasUITests.swift */,
				4E9DD32D22B7EBBC00CFC638 /* Info.plist */,
			);
			path = PizzasUITests;
			sourceTree = "<group>";
		};
/* End PBXGroup section */

/* Begin PBXNativeTarget section */
		4E9DD30722B7EBB700CFC638 /* Pizzas */ = {
			isa = PBXNativeTarget;
			buildConfigurationList = 4E9DD33022B7EBBC00CFC638 /* Build configuration list for PBXNativeTarget "Pizzas" */;
			buildPhases = (
				4E9DD30422B7EBB700CFC638 /* Sources */,
				4E9DD30522B7EBB700CFC638 /* Frameworks */,
				4E9DD30622B7EBB700CFC638 /* Resources */,
			);
			buildRules = (
			);
			dependencies = (
			);
			name = Pizzas;
			productName = Pizzas;
			productReference = 4E9DD30822B7EBB700CFC638 /* Pizzas.app */;
			productType = "com.apple.product-type.application";
		};
		4E9DD31B22B7EBBC00CFC638 /* PizzasTests */ = {
			isa = PBXNativeTarget;
			buildConfigurationList = 4E9DD33322B7EBBC00CFC638 /* Build configuration list for PBXNativeTarget "PizzasTests" */;
			buildPhases = (
				4E9DD31822B7EBBC00CFC638 /* Sources */,
				4E9DD31922B7EBBC00CFC638 /* Frameworks */,
				4E9DD31A22B7EBBC00CFC638 /* Resources */,
			);
			buildRules = (
			);
			dependencies = (
				4E9DD31E22B7EBBC00CFC638 /* PBXTargetDependency */,
			);
			name = PizzasTests;
			productName = PizzasTests;
			productReference = 4E9DD31C22B7EBBC00CFC638 /* PizzasTests.xctest */;
			productType = "com.apple.product-type.bundle.unit-test";
		};
		4E9DD32622B7EBBC00CFC638 /* PizzasUITests */ = {
			isa = PBXNativeTarget;
			buildConfigurationList = 4E9DD33622B7EBBC00CFC638 /* Build configuration list for PBXNativeTarget "PizzasUITests" */;
			buildPhases = (
				4E9DD32322B7EBBC00CFC638 /* Sources */,
				4E9DD32422B7EBBC00CFC638 /* Frameworks */,
				4E9DD32522B7EBBC00CFC638 /* Resources */,
			);
			buildRules = (
			);
			dependencies = (
				4E9DD32922B7EBBC00CFC638 /* PBXTargetDependency */,
			);
			name = PizzasUITests;
			productName = PizzasUITests;
			productReference = 4E9DD32722B7EBBC00CFC638 /* PizzasUITests.xctest */;
			productType = "com.apple.product-type.bundle.ui-testing";
		};
/* End PBXNativeTarget section */

/* Begin PBXProject section */
		4E9DD30022B7EBB700CFC638 /* Project object */ = {
			isa = PBXProject;
			attributes = {
				LastSwiftUpdateCheck = 1020;
				LastUpgradeCheck = 1020;
				ORGANIZATIONNAME = "Sofia Abadia Bermeo";
				TargetAttributes = {
					4E9DD30722B7EBB700CFC638 = {
						CreatedOnToolsVersion = 10.2;
					};
					4E9DD31B22B7EBBC00CFC638 = {
						CreatedOnToolsVersion = 10.2;
						TestTargetID = 4E9DD30722B7EBB700CFC638;
					};
					4E9DD32622B7EBBC00CFC638 = {
						CreatedOnToolsVersion = 10.2;
						TestTargetID = 4E9DD30722B7EBB700CFC638;
					};
				};
			};
			buildConfigurationList = 4E9DD30322B7EBB700CFC638 /* Build configuration list for PBXProject "Pizzas" */;
			compatibilityVersion = "Xcode 9.3";
			developmentRegion = en;
			hasScannedForEncodings = 0;
			knownRegions = (
				en,
				Base,
			);
			mainGroup = 4E9DD2FF22B7EBB700CFC638;
			productRefGroup = 4E9DD30922B7EBB700CFC638 /* Products */;
			projectDirPath = "";
			projectRoot = "";
			targets = (
				4E9DD30722B7EBB700CFC638 /* Pizzas */,
				4E9DD31B22B7EBBC00CFC638 /* PizzasTests */,
				4E9DD32622B7EBBC00CFC638 /* PizzasUITests */,
			);
		};
/* End PBXProject section */

/* Begin PBXResourcesBuildPhase section */
		4E9DD30622B7EBB700CFC638 /* Resources */ = {
			isa = PBXResourcesBuildPhase;
			buildActionMask = 2147483647;
			files = (
				4E9DD31622B7EBBC00CFC638 /* LaunchScreen.storyboard in Resources */,
				4E9DD31322B7EBBC00CFC638 /* Assets.xcassets in Resources */,
				4E9DD31122B7EBB800CFC638 /* Main.storyboard in Resources */,
			);
			runOnlyForDeploymentPostprocessing = 0;
		};
		4E9DD31A22B7EBBC00CFC638 /* Resources */ = {
			isa = PBXResourcesBuildPhase;
			buildActionMask = 2147483647;
			files = (
			);
			runOnlyForDeploymentPostprocessing = 0;
		};
		4E9DD32522B7EBBC00CFC638 /* Resources */ = {
			isa = PBXResourcesBuildPhase;
			buildActionMask = 2147483647;
			files = (
			);
			runOnlyForDeploymentPostprocessing = 0;
		};
/* End PBXResourcesBuildPhase section */

/* Begin PBXSourcesBuildPhase section */
		4E9DD30422B7EBB700CFC638 /* Sources */ = {
			isa = PBXSourcesBuildPhase;
			buildActionMask = 2147483647;
			files = (
				4E24CD8322B8782D00B56A49 /* vistaIngredientes.swift in Sources */,
				4E24CD7F22B8713D00B56A49 /* vistaMasa.swift in Sources */,
				4E9DD30E22B7EBB800CFC638 /* vistaTamanio.swift in Sources */,
				4E9DD30C22B7EBB800CFC638 /* AppDelegate.swift in Sources */,
				4EF53A5C22B9507F00E8F427 /* vistaFinal.swift in Sources */,
				4E24CD8122B874F200B56A49 /* vistaQuesos.swift in Sources */,
			);
			runOnlyForDeploymentPostprocessing = 0;
		};
		4E9DD31822B7EBBC00CFC638 /* Sources */ = {
			isa = PBXSourcesBuildPhase;
			buildActionMask = 2147483647;
			files = (
				4E9DD32122B7EBBC00CFC638 /* PizzasTests.swift in Sources */,
			);
			runOnlyForDeploymentPostprocessing = 0;
		};
		4E9DD32322B7EBBC00CFC638 /* Sources */ = {
			isa = PBXSourcesBuildPhase;
			buildActionMask = 2147483647;
			files = (
				4E9DD32C22B7EBBC00CFC638 /* PizzasUITests.swift in Sources */,
			);
			runOnlyForDeploymentPostprocessing = 0;
		};
/* End PBXSourcesBuildPhase section */

/* Begin PBXTargetDependency section */
		4E9DD31E22B7EBBC00CFC638 /* PBXTargetDependency */ = {
			isa = PBXTargetDependency;
			target = 4E9DD30722B7EBB700CFC638 /* Pizzas */;
			targetProxy = 4E9DD31D22B7EBBC00CFC638 /* PBXContainerItemProxy */;
		};
		4E9DD32922B7EBBC00CFC638 /* PBXTargetDependency */ = {
			isa = PBXTargetDependency;
			target = 4E9DD30722B7EBB700CFC638 /* Pizzas */;
			targetProxy = 4E9DD32822B7EBBC00CFC638 /* PBXContainerItemProxy */;
		};
/* End PBXTargetDependency section */

/* Begin PBXVariantGroup section */
		4E9DD30F22B7EBB800CFC638 /* Main.storyboard */ = {
			isa = PBXVariantGroup;
			children = (
				4E9DD31022B7EBB800CFC638 /* Base */,
			);
			name = Main.storyboard;
			sourceTree = "<group>";
		};
		4E9DD31422B7EBBC00CFC638 /* LaunchScreen.storyboard */ = {
			isa = PBXVariantGroup;
			children = (
				4E9DD31522B7EBBC00CFC638 /* Base */,
			);
			name = LaunchScreen.storyboard;
			sourceTree = "<group>";
		};
/* End PBXVariantGroup section */

/* Begin XCBuildConfiguration section */
		4E9DD32E22B7EBBC00CFC638 /* Debug */ = {
			isa = XCBuildConfiguration;
			buildSettings = {
				ALWAYS_SEARCH_USER_PATHS = NO;
				CLANG_ANALYZER_NONNULL = YES;
				CLANG_ANALYZER_NUMBER_OBJECT_CONVERSION = YES_AGGRESSIVE;
				CLANG_CXX_LANGUAGE_STANDARD = "gnu++14";
				CLANG_CXX_LIBRARY = "libc++";
				CLANG_ENABLE_MODULES = YES;
				CLANG_ENABLE_OBJC_ARC = YES;
				CLANG_ENABLE_OBJC_WEAK = YES;
				CLANG_WARN_BLOCK_CAPTURE_AUTORELEASING = YES;
				CLANG_WARN_BOOL_CONVERSION = YES;
				CLANG_WARN_COMMA = YES;
				CLANG_WARN_CONSTANT_CONVERSION = YES;
				CLANG_WARN_DEPRECATED_OBJC_IMPLEMENTATIONS = YES;
				CLANG_WARN_DIRECT_OBJC_ISA_USAGE = YES_ERROR;
				CLANG_WARN_DOCUMENTATION_COMMENTS = YES;
				CLANG_WARN_EMPTY_BODY = YES;
				CLANG_WARN_ENUM_CONVERSION = YES;
				CLANG_WARN_INFINITE_RECURSION = YES;
				CLANG_WARN_INT_CONVERSION = YES;
				CLANG_WARN_NON_LITERAL_NULL_CONVERSION = YES;
				CLANG_WARN_OBJC_IMPLICIT_RETAIN_SELF = YES;
				CLANG_WARN_OBJC_LITERAL_CONVERSION = YES;
				CLANG_WARN_OBJC_ROOT_CLASS = YES_ERROR;
				CLANG_WARN_RANGE_LOOP_ANALYSIS = YES;
				CLANG_WARN_STRICT_PROTOTYPES = YES;
				CLANG_WARN_SUSPICIOUS_MOVE = YES;
				CLANG_WARN_UNGUARDED_AVAILABILITY = YES_AGGRESSIVE;
				CLANG_WARN_UNREACHABLE_CODE = YES;
				CLANG_WARN__DUPLICATE_METHOD_MATCH = YES;
				CODE_SIGN_IDENTITY = "iPhone Developer";
				COPY_PHASE_STRIP = NO;
				DEBUG_INFORMATION_FORMAT = dwarf;
				ENABLE_STRICT_OBJC_MSGSEND = YES;
				ENABLE_TESTABILITY = YES;
				GCC_C_LANGUAGE_STANDARD = gnu11;
				GCC_DYNAMIC_NO_PIC = NO;
				GCC_NO_COMMON_BLOCKS = YES;
				GCC_OPTIMIZATION_LEVEL = 0;
				GCC_PREPROCESSOR_DEFINITIONS = (
					"DEBUG=1",
					"$(inherited)",
				);
				GCC_WARN_64_TO_32_BIT_CONVERSION = YES;
				GCC_WARN_ABOUT_RETURN_TYPE = YES_ERROR;
				GCC_WARN_UNDECLARED_SELECTOR = YES;
				GCC_WARN_UNINITIALIZED_AUTOS = YES_AGGRESSIVE;
				GCC_WARN_UNUSED_FUNCTION = YES;
				GCC_WARN_UNUSED_VARIABLE = YES;
				IPHONEOS_DEPLOYMENT_TARGET = 12.2;
				MTL_ENABLE_DEBUG_INFO = INCLUDE_SOURCE;
				MTL_FAST_MATH = YES;
				ONLY_ACTIVE_ARCH = YES;
				SDKROOT = iphoneos;
				SWIFT_ACTIVE_COMPILATION_CONDITIONS = DEBUG;
				SWIFT_OPTIMIZATION_LEVEL = "-Onone";
			};
			name = Debug;
		};
		4E9DD32F22B7EBBC00CFC638 /* Release */ = {
			isa = XCBuildConfiguration;
			buildSettings = {
				ALWAYS_SEARCH_USER_PATHS = NO;
				CLANG_ANALYZER_NONNULL = YES;
				CLANG_ANALYZER_NUMBER_OBJECT_CONVERSION = YES_AGGRESSIVE;
				CLANG_CXX_LANGUAGE_STANDARD = "gnu++14";
				CLANG_CXX_LIBRARY = "libc++";
				CLANG_ENABLE_MODULES = YES;
				CLANG_ENABLE_OBJC_ARC = YES;
				CLANG_ENABLE_OBJC_WEAK = YES;
				CLANG_WARN_BLOCK_CAPTURE_AUTORELEASING = YES;
				CLANG_WARN_BOOL_CONVERSION = YES;
				CLANG_WARN_COMMA = YES;
				CLANG_WARN_CONSTANT_CONVERSION = YES;
				CLANG_WARN_DEPRECATED_OBJC_IMPLEMENTATIONS = YES;
				CLANG_WARN_DIRECT_OBJC_ISA_USAGE = YES_ERROR;
				CLANG_WARN_DOCUMENTATION_COMMENTS = YES;
				CLANG_WARN_EMPTY_BODY = YES;
				CLANG_WARN_ENUM_CONVERSION = YES;
				CLANG_WARN_INFINITE_RECURSION = YES;
				CLANG_WARN_INT_CONVERSION = YES;
				CLANG_WARN_NON_LITERAL_NULL_CONVERSION = YES;
				CLANG_WARN_OBJC_IMPLICIT_RETAIN_SELF = YES;
				CLANG_WARN_OBJC_LITERAL_CONVERSION = YES;
				CLANG_WARN_OBJC_ROOT_CLASS = YES_ERROR;
				CLANG_WARN_RANGE_LOOP_ANALYSIS = YES;
				CLANG_WARN_STRICT_PROTOTYPES = YES;
				CLANG_WARN_SUSPICIOUS_MOVE = YES;
				CLANG_WARN_UNGUARDED_AVAILABILITY = YES_AGGRESSIVE;
				CLANG_WARN_UNREACHABLE_CODE = YES;
				CLANG_WARN__DUPLICATE_METHOD_MATCH = YES;
				CODE_SIGN_IDENTITY = "iPhone Developer";
				COPY_PHASE_STRIP = NO;
				DEBUG_INFORMATION_FORMAT = "dwarf-with-dsym";
				ENABLE_NS_ASSERTIONS = NO;
				ENABLE_STRICT_OBJC_MSGSEND = YES;
				GCC_C_LANGUAGE_STANDARD = gnu11;
				GCC_NO_COMMON_BLOCKS = YES;
				GCC_WARN_64_TO_32_BIT_CONVERSION = YES;
				GCC_WARN_ABOUT_RETURN_TYPE = YES_ERROR;
				GCC_WARN_UNDECLARED_SELECTOR = YES;
				GCC_WARN_UNINITIALIZED_AUTOS = YES_AGGRESSIVE;
				GCC_WARN_UNUSED_FUNCTION = YES;
				GCC_WARN_UNUSED_VARIABLE = YES;
				IPHONEOS_DEPLOYMENT_TARGET = 12.2;
				MTL_ENABLE_DEBUG_INFO = NO;
				MTL_FAST_MATH = YES;
				SDKROOT = iphoneos;
				SWIFT_COMPILATION_MODE = wholemodule;
				SWIFT_OPTIMIZATION_LEVEL = "-O";
				VALIDATE_PRODUCT = YES;
			};
			name = Release;
		};
		4E9DD33122B7EBBC00CFC638 /* Debug */ = {
			isa = XCBuildConfiguration;
			buildSettings = {
				ASSETCATALOG_COMPILER_APPICON_NAME = AppIcon;
				CODE_SIGN_STYLE = Automatic;
				DEVELOPMENT_TEAM = 53SFW7C6GN;
				INFOPLIST_FILE = Pizzas/Info.plist;
				LD_RUNPATH_SEARCH_PATHS = (
					"$(inherited)",
					"@executable_path/Frameworks",
				);
				PRODUCT_BUNDLE_IDENTIFIER = "-.Pizzas";
				PRODUCT_NAME = "$(TARGET_NAME)";
				SWIFT_VERSION = 5.0;
				TARGETED_DEVICE_FAMILY = "1,2";
			};
			name = Debug;
		};
		4E9DD33222B7EBBC00CFC638 /* Release */ = {
			isa = XCBuildConfiguration;
			buildSettings = {
				ASSETCATALOG_COMPILER_APPICON_NAME = AppIcon;
				CODE_SIGN_STYLE = Automatic;
				DEVELOPMENT_TEAM = 53SFW7C6GN;
				INFOPLIST_FILE = Pizzas/Info.plist;
				LD_RUNPATH_SEARCH_PATHS = (
					"$(inherited)",
					"@executable_path/Frameworks",
				);
				PRODUCT_BUNDLE_IDENTIFIER = "-.Pizzas";
				PRODUCT_NAME = "$(TARGET_NAME)";
				SWIFT_VERSION = 5.0;
				TARGETED_DEVICE_FAMILY = "1,2";
			};
			name = Release;
		};
		4E9DD33422B7EBBC00CFC638 /* Debug */ = {
			isa = XCBuildConfiguration;
			buildSettings = {
				ALWAYS_EMBED_SWIFT_STANDARD_LIBRARIES = YES;
				BUNDLE_LOADER = "$(TEST_HOST)";
				CODE_SIGN_STYLE = Automatic;
				DEVELOPMENT_TEAM = 53SFW7C6GN;
				INFOPLIST_FILE = PizzasTests/Info.plist;
				LD_RUNPATH_SEARCH_PATHS = (
					"$(inherited)",
					"@executable_path/Frameworks",
					"@loader_path/Frameworks",
				);
				PRODUCT_BUNDLE_IDENTIFIER = "-.PizzasTests";
				PRODUCT_NAME = "$(TARGET_NAME)";
				SWIFT_VERSION = 5.0;
				TARGETED_DEVICE_FAMILY = "1,2";
				TEST_HOST = "$(BUILT_PRODUCTS_DIR)/Pizzas.app/Pizzas";
			};
			name = Debug;
		};
		4E9DD33522B7EBBC00CFC638 /* Release */ = {
			isa = XCBuildConfiguration;
			buildSettings = {
				ALWAYS_EMBED_SWIFT_STANDARD_LIBRARIES = YES;
				BUNDLE_LOADER = "$(TEST_HOST)";
				CODE_SIGN_STYLE = Automatic;
				DEVELOPMENT_TEAM = 53SFW7C6GN;
				INFOPLIST_FILE = PizzasTests/Info.plist;
				LD_RUNPATH_SEARCH_PATHS = (
					"$(inherited)",
					"@executable_path/Frameworks",
					"@loader_path/Frameworks",
				);
				PRODUCT_BUNDLE_IDENTIFIER = "-.PizzasTests";
				PRODUCT_NAME = "$(TARGET_NAME)";
				SWIFT_VERSION = 5.0;
				TARGETED_DEVICE_FAMILY = "1,2";
				TEST_HOST = "$(BUILT_PRODUCTS_DIR)/Pizzas.app/Pizzas";
			};
			name = Release;
		};
		4E9DD33722B7EBBC00CFC638 /* Debug */ = {
			isa = XCBuildConfiguration;
			buildSettings = {
				ALWAYS_EMBED_SWIFT_STANDARD_LIBRARIES = YES;
				CODE_SIGN_STYLE = Automatic;
				DEVELOPMENT_TEAM = 53SFW7C6GN;
				INFOPLIST_FILE = PizzasUITests/Info.plist;
				LD_RUNPATH_SEARCH_PATHS = (
					"$(inherited)",
					"@executable_path/Frameworks",
					"@loader_path/Frameworks",
				);
				PRODUCT_BUNDLE_IDENTIFIER = "-.PizzasUITests";
				PRODUCT_NAME = "$(TARGET_NAME)";
				SWIFT_VERSION = 5.0;
				TARGETED_DEVICE_FAMILY = "1,2";
				TEST_TARGET_NAME = Pizzas;
			};
			name = Debug;
		};
		4E9DD33822B7EBBC00CFC638 /* Release */ = {
			isa = XCBuildConfiguration;
			buildSettings = {
				ALWAYS_EMBED_SWIFT_STANDARD_LIBRARIES = YES;
				CODE_SIGN_STYLE = Automatic;
				DEVELOPMENT_TEAM = 53SFW7C6GN;
				INFOPLIST_FILE = PizzasUITests/Info.plist;
				LD_RUNPATH_SEARCH_PATHS = (
					"$(inherited)",
					"@executable_path/Frameworks",
					"@loader_path/Frameworks",
				);
				PRODUCT_BUNDLE_IDENTIFIER = "-.PizzasUITests";
				PRODUCT_NAME = "$(TARGET_NAME)";
				SWIFT_VERSION = 5.0;
				TARGETED_DEVICE_FAMILY = "1,2";
				TEST_TARGET_NAME = Pizzas;
			};
			name = Release;
		};
/* End XCBuildConfiguration section */

/* Begin XCConfigurationList section */
		4E9DD30322B7EBB700CFC638 /* Build configuration list for PBXProject "Pizzas" */ = {
			isa = XCConfigurationList;
			buildConfigurations = (
				4E9DD32E22B7EBBC00CFC638 /* Debug */,
				4E9DD32F22B7EBBC00CFC638 /* Release */,
			);
			defaultConfigurationIsVisible = 0;
			defaultConfigurationName = Release;
		};
		4E9DD33022B7EBBC00CFC638 /* Build configuration list for PBXNativeTarget "Pizzas" */ = {
			isa = XCConfigurationList;
			buildConfigurations = (
				4E9DD33122B7EBBC00CFC638 /* Debug */,
				4E9DD33222B7EBBC00CFC638 /* Release */,
			);
			defaultConfigurationIsVisible = 0;
			defaultConfigurationName = Release;
		};
		4E9DD33322B7EBBC00CFC638 /* Build configuration list for PBXNativeTarget "PizzasTests" */ = {
			isa = XCConfigurationList;
			buildConfigurations = (
				4E9DD33422B7EBBC00CFC638 /* Debug */,
				4E9DD33522B7EBBC00CFC638 /* Release */,
			);
			defaultConfigurationIsVisible = 0;
			defaultConfigurationName = Release;
		};
		4E9DD33622B7EBBC00CFC638 /* Build configuration list for PBXNativeTarget "PizzasUITests" */ = {
			isa = XCConfigurationList;
			buildConfigurations = (
				4E9DD33722B7EBBC00CFC638 /* Debug */,
				4E9DD33822B7EBBC00CFC638 /* Release */,
			);
			defaultConfigurationIsVisible = 0;
			defaultConfigurationName = Release;
		};
/* End XCConfigurationList section */
	};
	rootObject = 4E9DD30022B7EBB700CFC638 /* Project object */;
}
